
Microsoft Visual Studio Solution File, Format Version 12.00
# Visual Studio Version 17
VisualStudioVersion = 17.7.34031.279
MinimumVisualStudioVersion = 10.0.40219.1
Project("{FAE04EC0-301F-11D3-BF4B-00C04F79EFBC}") = "Lab4", "Lab4\Lab4.csproj", "{A7F5580B-7D86-4780-A0BD-D74312D93C2F}"
EndProject
Global
	GlobalSection(SolutionConfigurationPlatforms) = preSolution
		Debug|Any CPU = Debug|Any CPU
		Release|Any CPU = Release|Any CPU
	EndGlobalSection
	GlobalSection(ProjectConfigurationPlatforms) = postSolution
		{A7F5580B-7D86-4780-A0BD-D74312D93C2F}.Debug|Any CPU.ActiveCfg = Debug|Any CPU
		{A7F5580B-7D86-4780-A0BD-D74312D93C2F}.Debug|Any CPU.Build.0 = Debug|Any CPU
		{A7F5580B-7D86-4780-A0BD-D74312D93C2F}.Release|Any CPU.ActiveCfg = Release|Any CPU
		{A7F5580B-7D86-4780-A0BD-D74312D93C2F}.Release|Any CPU.Build.0 = Release|Any CPU
	EndGlobalSection
	GlobalSection(SolutionProperties) = preSolution
		HideSolutionNode = FALSE
	EndGlobalSection
	GlobalSection(ExtensibilityGlobals) = postSolution
		SolutionGuid = {77E996FB-4C6F-4FB1-B467-AE59FE1CB07C}
	EndGlobalSection
EndGlobal
